
Microsoft Visual Studio Solution File, Format Version 12.00
Project("{2150E333-8FDC-42A3-9474-1A3956D46DE8}") = "test", "test", "{0C88DD14-F956-CE84-757C-A364CCF449FC}"
EndProject
Project("{2150E333-8FDC-42A3-9474-1A3956D46DE8}") = "src", "src", "{827E0CD3-B72D-47B6-A68D-7590B98EB39B}"
EndProject
Project("{FAE04EC0-301F-11D3-BF4B-00C04F79EFBC}") = "Api.Security.Authentication.Jwt.Test", "..\test\Api.Security.Authentication.Jwt.Test\Api.Security.Authentication.Jwt.Test.csproj", "{349745F1-F89E-4BAF-AF41-A68693F24DB8}"
EndProject
Project("{FAE04EC0-301F-11D3-BF4B-00C04F79EFBC}") = "Api.Security.Authentication", "Api.Security.Authentication\Api.Security.Authentication.csproj", "{34D82DAB-2844-4D8B-A1B6-115A9F34CF1A}"
EndProject
Project("{FAE04EC0-301F-11D3-BF4B-00C04F79EFBC}") = "Api.Security.Authentication.Core", "Api.Security.Authentication.Core\Api.Security.Authentication.Core.csproj", "{81DC6359-0BF7-4529-9594-BA8CFE8B0F08}"
EndProject
Project("{FAE04EC0-301F-11D3-BF4B-00C04F79EFBC}") = "Api.Security.Authentication.Jwt", "Api.Security.Authentication.Jwt\Api.Security.Authentication.Jwt.csproj", "{83840FD7-EA1F-450B-87FD-A400F2DDFCFC}"
EndProject
Project("{FAE04EC0-301F-11D3-BF4B-00C04F79EFBC}") = "Api.Security.Authentication.Scheme", "Api.Security.Authentication.Scheme\Api.Security.Authentication.Scheme.csproj", "{F2C3D715-69F2-437D-BB68-D3862DEDB86C}"
EndProject
Project("{FAE04EC0-301F-11D3-BF4B-00C04F79EFBC}") = "Api.Security.Authorization", "Api.Security.Authorization\Api.Security.Authorization.csproj", "{BED1A435-1785-46DD-9CFC-FE6F03A225EA}"
EndProject
Project("{2150E333-8FDC-42A3-9474-1A3956D46DE8}") = "sample", "sample", "{32080DA9-A7C0-4012-A32B-4915183ED143}"
EndProject
Project("{FAE04EC0-301F-11D3-BF4B-00C04F79EFBC}") = "SampleApiWithJwt", "..\sample\SampleApiWithJwt\SampleApiWithJwt.csproj", "{76804964-7006-42D9-ABE5-488B5118CFA1}"
EndProject
Project("{FAE04EC0-301F-11D3-BF4B-00C04F79EFBC}") = "Api.Security.Authentication.Core.Test", "..\test\Api.Security.Authentication.Core.Test\Api.Security.Authentication.Core.Test.csproj", "{4E7CD594-5A44-4A14-8685-CA4B2B31B9A6}"
EndProject
Project("{FAE04EC0-301F-11D3-BF4B-00C04F79EFBC}") = "Api.Security.Authentication.Scheme.Test", "..\test\Api.Security.Authentication.Scheme.Test\Api.Security.Authentication.Scheme.Test.csproj", "{C1058D25-63A5-4B91-8870-8437D310537B}"
EndProject
Project("{FAE04EC0-301F-11D3-BF4B-00C04F79EFBC}") = "SampleApiWithMultipleAuth", "..\sample\SampleApiWithMultipleAuth\SampleApiWithMultipleAuth.csproj", "{7080EA51-0119-4C6E-BE4A-9B29B254FA48}"
EndProject
Global
	GlobalSection(SolutionConfigurationPlatforms) = preSolution
		Debug|Any CPU = Debug|Any CPU
		Debug|x64 = Debug|x64
		Debug|x86 = Debug|x86
		Release|Any CPU = Release|Any CPU
		Release|x64 = Release|x64
		Release|x86 = Release|x86
	EndGlobalSection
	GlobalSection(ProjectConfigurationPlatforms) = postSolution
		{349745F1-F89E-4BAF-AF41-A68693F24DB8}.Debug|Any CPU.ActiveCfg = Debug|Any CPU
		{349745F1-F89E-4BAF-AF41-A68693F24DB8}.Debug|Any CPU.Build.0 = Debug|Any CPU
		{349745F1-F89E-4BAF-AF41-A68693F24DB8}.Debug|x64.ActiveCfg = Debug|Any CPU
		{349745F1-F89E-4BAF-AF41-A68693F24DB8}.Debug|x64.Build.0 = Debug|Any CPU
		{349745F1-F89E-4BAF-AF41-A68693F24DB8}.Debug|x86.ActiveCfg = Debug|Any CPU
		{349745F1-F89E-4BAF-AF41-A68693F24DB8}.Debug|x86.Build.0 = Debug|Any CPU
		{349745F1-F89E-4BAF-AF41-A68693F24DB8}.Release|Any CPU.ActiveCfg = Release|Any CPU
		{349745F1-F89E-4BAF-AF41-A68693F24DB8}.Release|Any CPU.Build.0 = Release|Any CPU
		{349745F1-F89E-4BAF-AF41-A68693F24DB8}.Release|x64.ActiveCfg = Release|Any CPU
		{349745F1-F89E-4BAF-AF41-A68693F24DB8}.Release|x64.Build.0 = Release|Any CPU
		{349745F1-F89E-4BAF-AF41-A68693F24DB8}.Release|x86.ActiveCfg = Release|Any CPU
		{349745F1-F89E-4BAF-AF41-A68693F24DB8}.Release|x86.Build.0 = Release|Any CPU
		{34D82DAB-2844-4D8B-A1B6-115A9F34CF1A}.Debug|Any CPU.ActiveCfg = Debug|Any CPU
		{34D82DAB-2844-4D8B-A1B6-115A9F34CF1A}.Debug|Any CPU.Build.0 = Debug|Any CPU
		{34D82DAB-2844-4D8B-A1B6-115A9F34CF1A}.Debug|x64.ActiveCfg = Debug|Any CPU
		{34D82DAB-2844-4D8B-A1B6-115A9F34CF1A}.Debug|x64.Build.0 = Debug|Any CPU
		{34D82DAB-2844-4D8B-A1B6-115A9F34CF1A}.Debug|x86.ActiveCfg = Debug|Any CPU
		{34D82DAB-2844-4D8B-A1B6-115A9F34CF1A}.Debug|x86.Build.0 = Debug|Any CPU
		{34D82DAB-2844-4D8B-A1B6-115A9F34CF1A}.Release|Any CPU.ActiveCfg = Release|Any CPU
		{34D82DAB-2844-4D8B-A1B6-115A9F34CF1A}.Release|Any CPU.Build.0 = Release|Any CPU
		{34D82DAB-2844-4D8B-A1B6-115A9F34CF1A}.Release|x64.ActiveCfg = Release|Any CPU
		{34D82DAB-2844-4D8B-A1B6-115A9F34CF1A}.Release|x64.Build.0 = Release|Any CPU
		{34D82DAB-2844-4D8B-A1B6-115A9F34CF1A}.Release|x86.ActiveCfg = Release|Any CPU
		{34D82DAB-2844-4D8B-A1B6-115A9F34CF1A}.Release|x86.Build.0 = Release|Any CPU
		{81DC6359-0BF7-4529-9594-BA8CFE8B0F08}.Debug|Any CPU.ActiveCfg = Debug|Any CPU
		{81DC6359-0BF7-4529-9594-BA8CFE8B0F08}.Debug|Any CPU.Build.0 = Debug|Any CPU
		{81DC6359-0BF7-4529-9594-BA8CFE8B0F08}.Debug|x64.ActiveCfg = Debug|Any CPU
		{81DC6359-0BF7-4529-9594-BA8CFE8B0F08}.Debug|x64.Build.0 = Debug|Any CPU
		{81DC6359-0BF7-4529-9594-BA8CFE8B0F08}.Debug|x86.ActiveCfg = Debug|Any CPU
		{81DC6359-0BF7-4529-9594-BA8CFE8B0F08}.Debug|x86.Build.0 = Debug|Any CPU
		{81DC6359-0BF7-4529-9594-BA8CFE8B0F08}.Release|Any CPU.ActiveCfg = Release|Any CPU
		{81DC6359-0BF7-4529-9594-BA8CFE8B0F08}.Release|Any CPU.Build.0 = Release|Any CPU
		{81DC6359-0BF7-4529-9594-BA8CFE8B0F08}.Release|x64.ActiveCfg = Release|Any CPU
		{81DC6359-0BF7-4529-9594-BA8CFE8B0F08}.Release|x64.Build.0 = Release|Any CPU
		{81DC6359-0BF7-4529-9594-BA8CFE8B0F08}.Release|x86.ActiveCfg = Release|Any CPU
		{81DC6359-0BF7-4529-9594-BA8CFE8B0F08}.Release|x86.Build.0 = Release|Any CPU
		{83840FD7-EA1F-450B-87FD-A400F2DDFCFC}.Debug|Any CPU.ActiveCfg = Debug|Any CPU
		{83840FD7-EA1F-450B-87FD-A400F2DDFCFC}.Debug|Any CPU.Build.0 = Debug|Any CPU
		{83840FD7-EA1F-450B-87FD-A400F2DDFCFC}.Debug|x64.ActiveCfg = Debug|Any CPU
		{83840FD7-EA1F-450B-87FD-A400F2DDFCFC}.Debug|x64.Build.0 = Debug|Any CPU
		{83840FD7-EA1F-450B-87FD-A400F2DDFCFC}.Debug|x86.ActiveCfg = Debug|Any CPU
		{83840FD7-EA1F-450B-87FD-A400F2DDFCFC}.Debug|x86.Build.0 = Debug|Any CPU
		{83840FD7-EA1F-450B-87FD-A400F2DDFCFC}.Release|Any CPU.ActiveCfg = Release|Any CPU
		{83840FD7-EA1F-450B-87FD-A400F2DDFCFC}.Release|Any CPU.Build.0 = Release|Any CPU
		{83840FD7-EA1F-450B-87FD-A400F2DDFCFC}.Release|x64.ActiveCfg = Release|Any CPU
		{83840FD7-EA1F-450B-87FD-A400F2DDFCFC}.Release|x64.Build.0 = Release|Any CPU
		{83840FD7-EA1F-450B-87FD-A400F2DDFCFC}.Release|x86.ActiveCfg = Release|Any CPU
		{83840FD7-EA1F-450B-87FD-A400F2DDFCFC}.Release|x86.Build.0 = Release|Any CPU
		{F2C3D715-69F2-437D-BB68-D3862DEDB86C}.Debug|Any CPU.ActiveCfg = Debug|Any CPU
		{F2C3D715-69F2-437D-BB68-D3862DEDB86C}.Debug|Any CPU.Build.0 = Debug|Any CPU
		{F2C3D715-69F2-437D-BB68-D3862DEDB86C}.Debug|x64.ActiveCfg = Debug|Any CPU
		{F2C3D715-69F2-437D-BB68-D3862DEDB86C}.Debug|x64.Build.0 = Debug|Any CPU
		{F2C3D715-69F2-437D-BB68-D3862DEDB86C}.Debug|x86.ActiveCfg = Debug|Any CPU
		{F2C3D715-69F2-437D-BB68-D3862DEDB86C}.Debug|x86.Build.0 = Debug|Any CPU
		{F2C3D715-69F2-437D-BB68-D3862DEDB86C}.Release|Any CPU.ActiveCfg = Release|Any CPU
		{F2C3D715-69F2-437D-BB68-D3862DEDB86C}.Release|Any CPU.Build.0 = Release|Any CPU
		{F2C3D715-69F2-437D-BB68-D3862DEDB86C}.Release|x64.ActiveCfg = Release|Any CPU
		{F2C3D715-69F2-437D-BB68-D3862DEDB86C}.Release|x64.Build.0 = Release|Any CPU
		{F2C3D715-69F2-437D-BB68-D3862DEDB86C}.Release|x86.ActiveCfg = Release|Any CPU
		{F2C3D715-69F2-437D-BB68-D3862DEDB86C}.Release|x86.Build.0 = Release|Any CPU
		{BED1A435-1785-46DD-9CFC-FE6F03A225EA}.Debug|Any CPU.ActiveCfg = Debug|Any CPU
		{BED1A435-1785-46DD-9CFC-FE6F03A225EA}.Debug|Any CPU.Build.0 = Debug|Any CPU
		{BED1A435-1785-46DD-9CFC-FE6F03A225EA}.Debug|x64.ActiveCfg = Debug|Any CPU
		{BED1A435-1785-46DD-9CFC-FE6F03A225EA}.Debug|x64.Build.0 = Debug|Any CPU
		{BED1A435-1785-46DD-9CFC-FE6F03A225EA}.Debug|x86.ActiveCfg = Debug|Any CPU
		{BED1A435-1785-46DD-9CFC-FE6F03A225EA}.Debug|x86.Build.0 = Debug|Any CPU
		{BED1A435-1785-46DD-9CFC-FE6F03A225EA}.Release|Any CPU.ActiveCfg = Release|Any CPU
		{BED1A435-1785-46DD-9CFC-FE6F03A225EA}.Release|Any CPU.Build.0 = Release|Any CPU
		{BED1A435-1785-46DD-9CFC-FE6F03A225EA}.Release|x64.ActiveCfg = Release|Any CPU
		{BED1A435-1785-46DD-9CFC-FE6F03A225EA}.Release|x64.Build.0 = Release|Any CPU
		{BED1A435-1785-46DD-9CFC-FE6F03A225EA}.Release|x86.ActiveCfg = Release|Any CPU
		{BED1A435-1785-46DD-9CFC-FE6F03A225EA}.Release|x86.Build.0 = Release|Any CPU
		{76804964-7006-42D9-ABE5-488B5118CFA1}.Debug|Any CPU.ActiveCfg = Debug|Any CPU
		{76804964-7006-42D9-ABE5-488B5118CFA1}.Debug|Any CPU.Build.0 = Debug|Any CPU
		{76804964-7006-42D9-ABE5-488B5118CFA1}.Debug|x64.ActiveCfg = Debug|Any CPU
		{76804964-7006-42D9-ABE5-488B5118CFA1}.Debug|x64.Build.0 = Debug|Any CPU
		{76804964-7006-42D9-ABE5-488B5118CFA1}.Debug|x86.ActiveCfg = Debug|Any CPU
		{76804964-7006-42D9-ABE5-488B5118CFA1}.Debug|x86.Build.0 = Debug|Any CPU
		{76804964-7006-42D9-ABE5-488B5118CFA1}.Release|Any CPU.ActiveCfg = Release|Any CPU
		{76804964-7006-42D9-ABE5-488B5118CFA1}.Release|Any CPU.Build.0 = Release|Any CPU
		{76804964-7006-42D9-ABE5-488B5118CFA1}.Release|x64.ActiveCfg = Release|Any CPU
		{76804964-7006-42D9-ABE5-488B5118CFA1}.Release|x64.Build.0 = Release|Any CPU
		{76804964-7006-42D9-ABE5-488B5118CFA1}.Release|x86.ActiveCfg = Release|Any CPU
		{76804964-7006-42D9-ABE5-488B5118CFA1}.Release|x86.Build.0 = Release|Any CPU
		{4E7CD594-5A44-4A14-8685-CA4B2B31B9A6}.Debug|Any CPU.ActiveCfg = Debug|Any CPU
		{4E7CD594-5A44-4A14-8685-CA4B2B31B9A6}.Debug|Any CPU.Build.0 = Debug|Any CPU
		{4E7CD594-5A44-4A14-8685-CA4B2B31B9A6}.Debug|x64.ActiveCfg = Debug|Any CPU
		{4E7CD594-5A44-4A14-8685-CA4B2B31B9A6}.Debug|x64.Build.0 = Debug|Any CPU
		{4E7CD594-5A44-4A14-8685-CA4B2B31B9A6}.Debug|x86.ActiveCfg = Debug|Any CPU
		{4E7CD594-5A44-4A14-8685-CA4B2B31B9A6}.Debug|x86.Build.0 = Debug|Any CPU
		{4E7CD594-5A44-4A14-8685-CA4B2B31B9A6}.Release|Any CPU.ActiveCfg = Release|Any CPU
		{4E7CD594-5A44-4A14-8685-CA4B2B31B9A6}.Release|Any CPU.Build.0 = Release|Any CPU
		{4E7CD594-5A44-4A14-8685-CA4B2B31B9A6}.Release|x64.ActiveCfg = Release|Any CPU
		{4E7CD594-5A44-4A14-8685-CA4B2B31B9A6}.Release|x64.Build.0 = Release|Any CPU
		{4E7CD594-5A44-4A14-8685-CA4B2B31B9A6}.Release|x86.ActiveCfg = Release|Any CPU
		{4E7CD594-5A44-4A14-8685-CA4B2B31B9A6}.Release|x86.Build.0 = Release|Any CPU
		{C1058D25-63A5-4B91-8870-8437D310537B}.Debug|Any CPU.ActiveCfg = Debug|Any CPU
		{C1058D25-63A5-4B91-8870-8437D310537B}.Debug|Any CPU.Build.0 = Debug|Any CPU
		{C1058D25-63A5-4B91-8870-8437D310537B}.Debug|x64.ActiveCfg = Debug|Any CPU
		{C1058D25-63A5-4B91-8870-8437D310537B}.Debug|x64.Build.0 = Debug|Any CPU
		{C1058D25-63A5-4B91-8870-8437D310537B}.Debug|x86.ActiveCfg = Debug|Any CPU
		{C1058D25-63A5-4B91-8870-8437D310537B}.Debug|x86.Build.0 = Debug|Any CPU
		{C1058D25-63A5-4B91-8870-8437D310537B}.Release|Any CPU.ActiveCfg = Release|Any CPU
		{C1058D25-63A5-4B91-8870-8437D310537B}.Release|Any CPU.Build.0 = Release|Any CPU
		{C1058D25-63A5-4B91-8870-8437D310537B}.Release|x64.ActiveCfg = Release|Any CPU
		{C1058D25-63A5-4B91-8870-8437D310537B}.Release|x64.Build.0 = Release|Any CPU
		{C1058D25-63A5-4B91-8870-8437D310537B}.Release|x86.ActiveCfg = Release|Any CPU
		{C1058D25-63A5-4B91-8870-8437D310537B}.Release|x86.Build.0 = Release|Any CPU
		{7080EA51-0119-4C6E-BE4A-9B29B254FA48}.Debug|Any CPU.ActiveCfg = Debug|Any CPU
		{7080EA51-0119-4C6E-BE4A-9B29B254FA48}.Debug|Any CPU.Build.0 = Debug|Any CPU
		{7080EA51-0119-4C6E-BE4A-9B29B254FA48}.Debug|x64.ActiveCfg = Debug|Any CPU
		{7080EA51-0119-4C6E-BE4A-9B29B254FA48}.Debug|x64.Build.0 = Debug|Any CPU
		{7080EA51-0119-4C6E-BE4A-9B29B254FA48}.Debug|x86.ActiveCfg = Debug|Any CPU
		{7080EA51-0119-4C6E-BE4A-9B29B254FA48}.Debug|x86.Build.0 = Debug|Any CPU
		{7080EA51-0119-4C6E-BE4A-9B29B254FA48}.Release|Any CPU.ActiveCfg = Release|Any CPU
		{7080EA51-0119-4C6E-BE4A-9B29B254FA48}.Release|Any CPU.Build.0 = Release|Any CPU
		{7080EA51-0119-4C6E-BE4A-9B29B254FA48}.Release|x64.ActiveCfg = Release|Any CPU
		{7080EA51-0119-4C6E-BE4A-9B29B254FA48}.Release|x64.Build.0 = Release|Any CPU
		{7080EA51-0119-4C6E-BE4A-9B29B254FA48}.Release|x86.ActiveCfg = Release|Any CPU
		{7080EA51-0119-4C6E-BE4A-9B29B254FA48}.Release|x86.Build.0 = Release|Any CPU
	EndGlobalSection
	GlobalSection(SolutionProperties) = preSolution
		HideSolutionNode = FALSE
	EndGlobalSection
	GlobalSection(NestedProjects) = preSolution
		{349745F1-F89E-4BAF-AF41-A68693F24DB8} = {0C88DD14-F956-CE84-757C-A364CCF449FC}
		{34D82DAB-2844-4D8B-A1B6-115A9F34CF1A} = {827E0CD3-B72D-47B6-A68D-7590B98EB39B}
		{81DC6359-0BF7-4529-9594-BA8CFE8B0F08} = {827E0CD3-B72D-47B6-A68D-7590B98EB39B}
		{83840FD7-EA1F-450B-87FD-A400F2DDFCFC} = {827E0CD3-B72D-47B6-A68D-7590B98EB39B}
		{F2C3D715-69F2-437D-BB68-D3862DEDB86C} = {827E0CD3-B72D-47B6-A68D-7590B98EB39B}
		{BED1A435-1785-46DD-9CFC-FE6F03A225EA} = {827E0CD3-B72D-47B6-A68D-7590B98EB39B}
		{76804964-7006-42D9-ABE5-488B5118CFA1} = {32080DA9-A7C0-4012-A32B-4915183ED143}
		{4E7CD594-5A44-4A14-8685-CA4B2B31B9A6} = {0C88DD14-F956-CE84-757C-A364CCF449FC}
		{C1058D25-63A5-4B91-8870-8437D310537B} = {0C88DD14-F956-CE84-757C-A364CCF449FC}
		{7080EA51-0119-4C6E-BE4A-9B29B254FA48} = {32080DA9-A7C0-4012-A32B-4915183ED143}
	EndGlobalSection
EndGlobal
